
Microsoft Visual Studio Solution File, Format Version 12.00
# Visual Studio Version 17
VisualStudioVersion = 17.3.32811.315
MinimumVisualStudioVersion = 10.0.40219.1
Project("{FAE04EC0-301F-11D3-BF4B-00C04F79EFBC}") = "Task 1", "Task 1\Task 1.csproj", "{2C5D26EC-6374-42B4-BF87-4D53EFFE5129}"
EndProject
Global
	GlobalSection(SolutionConfigurationPlatforms) = preSolution
		Debug|Any CPU = Debug|Any CPU
		Release|Any CPU = Release|Any CPU
	EndGlobalSection
	GlobalSection(ProjectConfigurationPlatforms) = postSolution
		{2C5D26EC-6374-42B4-BF87-4D53EFFE5129}.Debug|Any CPU.ActiveCfg = Debug|Any CPU
		{2C5D26EC-6374-42B4-BF87-4D53EFFE5129}.Debug|Any CPU.Build.0 = Debug|Any CPU
		{2C5D26EC-6374-42B4-BF87-4D53EFFE5129}.Release|Any CPU.ActiveCfg = Release|Any CPU
		{2C5D26EC-6374-42B4-BF87-4D53EFFE5129}.Release|Any CPU.Build.0 = Release|Any CPU
	EndGlobalSection
	GlobalSection(SolutionProperties) = preSolution
		HideSolutionNode = FALSE
	EndGlobalSection
	GlobalSection(ExtensibilityGlobals) = postSolution
		SolutionGuid = {C1777EEE-18E2-4A0F-964B-D015CF13ECFC}
	EndGlobalSection
EndGlobal
